lockfileVersion: '9.0'

settings:
  autoInstallPeers: true
  excludeLinksFromLockfile: false

importers:

  .:
    dependencies:
      '@serialport/parser-readline':
        specifier: ^13.0.0
        version: 13.0.0
      ffi-napi:
        specifier: ^4.0.3
        version: 4.0.3
      ref-array-di:
        specifier: ^1.2.2
        version: 1.2.2
      ref-napi:
        specifier: ^3.0.3
        version: 3.0.3
      serialport:
        specifier: ^13.0.0
        version: 13.0.0

packages:

  '@serialport/binding-mock@10.2.2':
    resolution: {integrity: sha512-HAFzGhk9OuFMpuor7aT5G1ChPgn5qSsklTFOTUX72Rl6p0xwcSVsRtG/xaGp6bxpN7fI9D/S8THLBWbBgS6ldw==}
    engines: {node: '>=12.0.0'}

  '@serialport/bindings-cpp@13.0.0':
    resolution: {integrity: sha512-r25o4Bk/vaO1LyUfY/ulR6hCg/aWiN6Wo2ljVlb4Pj5bqWGcSRC4Vse4a9AcapuAu/FeBzHCbKMvRQeCuKjzIQ==}
    engines: {node: '>=18.0.0'}

  '@serialport/bindings-interface@1.2.2':
    resolution: {integrity: sha512-CJaUd5bLvtM9c5dmO9rPBHPXTa9R2UwpkJ0wdh9JCYcbrPWsKz+ErvR0hBLeo7NPeiFdjFO4sonRljiw4d2XiA==}
    engines: {node: ^12.22 || ^14.13 || >=16}

  '@serialport/parser-byte-length@13.0.0':
    resolution: {integrity: sha512-32yvqeTAqJzAEtX5zCrN1Mej56GJ5h/cVFsCDPbF9S1ZSC9FWjOqNAgtByseHfFTSTs/4ZBQZZcZBpolt8sUng==}
    engines: {node: '>=20.0.0'}

  '@serialport/parser-cctalk@13.0.0':
    resolution: {integrity: sha512-RErAe57g9gvnlieVYGIn1xymb1bzNXb2QtUQd14FpmbQQYlcrmuRnJwKa1BgTCujoCkhtaTtgHlbBWOxm8U2uA==}
    engines: {node: '>=20.0.0'}

  '@serialport/parser-delimiter@12.0.0':
    resolution: {integrity: sha512-gu26tVt5lQoybhorLTPsH2j2LnX3AOP2x/34+DUSTNaUTzu2fBXw+isVjQJpUBFWu6aeQRZw5bJol5X9Gxjblw==}
    engines: {node: '>=12.0.0'}

  '@serialport/parser-delimiter@13.0.0':
    resolution: {integrity: sha512-Qqyb0FX1avs3XabQqNaZSivyVbl/yl0jywImp7ePvfZKLwx7jBZjvL+Hawt9wIG6tfq6zbFM24vzCCK7REMUig==}
    engines: {node: '>=20.0.0'}

  '@serialport/parser-inter-byte-timeout@13.0.0':
    resolution: {integrity: sha512-a0w0WecTW7bD2YHWrpTz1uyiWA2fDNym0kjmPeNSwZ2XCP+JbirZt31l43m2ey6qXItTYVuQBthm75sPVeHnGA==}
    engines: {node: '>=20.0.0'}

  '@serialport/parser-packet-length@13.0.0':
    resolution: {integrity: sha512-60ZDDIqYRi0Xs2SPZUo4Jr5LLIjtb+rvzPKMJCohrO6tAqSDponcNpcB1O4W21mKTxYjqInSz+eMrtk0LLfZIg==}
    engines: {node: '>=8.6.0'}

  '@serialport/parser-readline@12.0.0':
    resolution: {integrity: sha512-O7cywCWC8PiOMvo/gglEBfAkLjp/SENEML46BXDykfKP5mTPM46XMaX1L0waWU6DXJpBgjaL7+yX6VriVPbN4w==}
    engines: {node: '>=12.0.0'}

  '@serialport/parser-readline@13.0.0':
    resolution: {integrity: sha512-dov3zYoyf0dt1Sudd1q42VVYQ4WlliF0MYvAMA3MOyiU1IeG4hl0J6buBA2w4gl3DOCC05tGgLDN/3yIL81gsA==}
    engines: {node: '>=20.0.0'}

  '@serialport/parser-ready@13.0.0':
    resolution: {integrity: sha512-JNUQA+y2Rfs4bU+cGYNqOPnNMAcayhhW+XJZihSLQXOHcZsFnOa2F9YtMg9VXRWIcnHldHYtisp62Etjlw24bw==}
    engines: {node: '>=20.0.0'}

  '@serialport/parser-regex@13.0.0':
    resolution: {integrity: sha512-m7HpIf56G5XcuDdA3DB34Z0pJiwxNRakThEHjSa4mG05OnWYv0IG8l2oUyYfuGMowQWaVnQ+8r+brlPxGVH+eA==}
    engines: {node: '>=20.0.0'}

  '@serialport/parser-slip-encoder@13.0.0':
    resolution: {integrity: sha512-fUHZEExm6izJ7rg0A1yjXwu4sOzeBkPAjDZPfb+XQoqgtKAk+s+HfICiYn7N2QU9gyaeCO8VKgWwi+b/DowYOg==}
    engines: {node: '>=20.0.0'}

  '@serialport/parser-spacepacket@13.0.0':
    resolution: {integrity: sha512-DoXJ3mFYmyD8X/8931agJvrBPxqTaYDsPoly9/cwQSeh/q4EjQND9ySXBxpWz5WcpyCU4jOuusqCSAPsbB30Eg==}
    engines: {node: '>=20.0.0'}

  '@serialport/stream@13.0.0':
    resolution: {integrity: sha512-F7xLJKsjGo2WuEWMSEO1SimRcOA+WtWICsY13r0ahx8s2SecPQH06338g28OT7cW7uRXI7oEQAk62qh5gHJW3g==}
    engines: {node: '>=20.0.0'}

  array-index@1.0.0:
    resolution: {integrity: sha512-jesyNbBkLQgGZMSwA1FanaFjalb1mZUGxGeUEkSDidzgrbjBGhvizJkaItdhkt8eIHFOJC7nDsrXk+BaehTdRw==}

  d@1.0.2:
    resolution: {integrity: sha512-MOqHvMWF9/9MX6nza0KgvFH4HpMU0EF5uUDXqX/BtxtU8NfB0QzRtJ8Oe/6SuS4kbhyzVJwjd97EA4PKrzJ8bw==}
    engines: {node: '>=0.12'}

  debug@2.6.9:
    resolution: {integrity: sha512-bC7ElrdJaJnPbAP+1EotYvqZsb3ecl5wi6Bfi6BJTUcNowp6cvspg0jXznRTKDjm/E7AdgFBVeAPVMNcKGsHMA==}
    peerDependencies:
      supports-color: '*'
    peerDependenciesMeta:
      supports-color:
        optional: true

  debug@3.2.7:
    resolution: {integrity: sha512-CFjzYYAi4ThfiQvizrFQevTTXHtnCqWfe7x1AhgEscTz6ZbLbfoLRLPugTQyBth6f8ZERVUSyWHFD/7Wu4t1XQ==}
    peerDependencies:
      supports-color: '*'
    peerDependenciesMeta:
      supports-color:
        optional: true

  debug@4.4.0:
    resolution: {integrity: sha512-6WTZ/IxCY/T6BALoZHaE4ctp9xm+Z5kY/pzYaCHRFeyVhojxlrm+46y68HA6hr0TcwEssoxNiDEUJQjfPZ/RYA==}
    engines: {node: '>=6.0'}
    peerDependencies:
      supports-color: '*'
    peerDependenciesMeta:
      supports-color:
        optional: true

  debug@4.4.3:
    resolution: {integrity: sha512-RGwwWnwQvkVfavKVt22FGLw+xYSdzARwm0ru6DhTVA3umU5hZc28V3kO4stgYryrTlLpuvgI9GiijltAjNbcqA==}
    engines: {node: '>=6.0'}
    peerDependencies:
      supports-color: '*'
    peerDependenciesMeta:
      supports-color:
        optional: true

  es5-ext@0.10.64:
    resolution: {integrity: sha512-p2snDhiLaXe6dahss1LddxqEm+SkuDvV8dnIQG0MWjyHpcMNfXKPE+/Cc0y+PhxJX3A4xGNeFCj5oc0BUh6deg==}
    engines: {node: '>=0.10'}

  es6-iterator@2.0.3:
    resolution: {integrity: sha512-zw4SRzoUkd+cl+ZoE15A9o1oQd920Bb0iOJMQkQhl3jNc03YqVjAhG7scf9C5KWRU/R13Orf588uCC6525o02g==}

  es6-symbol@3.1.4:
    resolution: {integrity: sha512-U9bFFjX8tFiATgtkJ1zg25+KviIXpgRvRHS8sau3GfhVzThRQrOeksPeT0BWW2MNZs1OEWJ1DPXOQMn0KKRkvg==}
    engines: {node: '>=0.12'}

  esniff@2.0.1:
    resolution: {integrity: sha512-kTUIGKQ/mDPFoJ0oVfcmyJn4iBDRptjNVIzwIFR7tqWXdVI9xfA2RMwY/gbSpJG3lkdWNEjLap/NqVHZiJsdfg==}
    engines: {node: '>=0.10'}

  event-emitter@0.3.5:
    resolution: {integrity: sha512-D9rRn9y7kLPnJ+hMq7S/nhvoKwwvVJahBi2BPmx3bvbsEdK3W9ii8cBSGjP+72/LnM4n6fo3+dkCX5FeTQruXA==}

  ext@1.7.0:
    resolution: {integrity: sha512-6hxeJYaL110a9b5TEJSj0gojyHQAmA2ch5Os+ySCiA1QGdS697XWY1pzsrSjqA9LDEEgdB/KypIlR59RcLuHYw==}

  ffi-napi@4.0.3:
    resolution: {integrity: sha512-PMdLCIvDY9mS32RxZ0XGb95sonPRal8aqRhLbeEtWKZTe2A87qRFG9HjOhvG8EX2UmQw5XNRMIOT+1MYlWmdeg==}
    engines: {node: '>=10'}

  get-symbol-from-current-process-h@1.0.2:
    resolution: {integrity: sha512-syloC6fsCt62ELLrr1VKBM1ggOpMdetX9hTrdW77UQdcApPHLmf7CI7OKcN1c9kYuNxKcDe4iJ4FY9sX3aw2xw==}

  get-uv-event-loop-napi-h@1.0.6:
    resolution: {integrity: sha512-t5c9VNR84nRoF+eLiz6wFrEp1SE2Acg0wS+Ysa2zF0eROes+LzOfuTaVHxGy8AbS8rq7FHEJzjnCZo1BupwdJg==}

  ms@2.0.0:
    resolution: {integrity: sha512-Tpp60P6IUJDTuOq/5Z8cdskzJujfwqfOTkrwIwj7IRISpnkJnT6SyJ4PCPnGMoFjC9ddhal5KVIYtAt97ix05A==}

  ms@2.1.3:
    resolution: {integrity: sha512-6FlzubTLZG3J2a/NVCAleEhjzq5oxgHyaCU9yYXvcLsvoVaHJq/s5xXI6/XXP6tz7R9xAOtHnSO/tXtF3WRTlA==}

  next-tick@1.1.0:
    resolution: {integrity: sha512-CXdUiJembsNjuToQvxayPZF9Vqht7hewsvy2sOWafLvi2awflj9mOC6bHIg50orX8IJvWKY9wYQ/zB2kogPslQ==}

  node-addon-api@3.2.1:
    resolution: {integrity: sha512-mmcei9JghVNDYydghQmeDX8KoAm0FAiYyIcUt/N4nhyAipB17pllZQDOJD2fotxABnt4Mdz+dKTO7eftLg4d0A==}

  node-addon-api@8.3.0:
    resolution: {integrity: sha512-8VOpLHFrOQlAH+qA0ZzuGRlALRA6/LVh8QJldbrC4DY0hXoMP0l4Acq8TzFC018HztWiRqyCEj2aTWY2UvnJUg==}
    engines: {node: ^18 || ^20 || >= 21}

  node-gyp-build@4.8.4:
    resolution: {integrity: sha512-LA4ZjwlnUblHVgq0oBF3Jl/6h/Nvs5fzBLwdEF4nuxnFdsfajde4WfxtJr3CaiH+F6ewcIB/q4jQ4UzPyid+CQ==}
    hasBin: true

  ref-array-di@1.2.2:
    resolution: {integrity: sha512-jhCmhqWa7kvCVrWhR/d7RemkppqPUdxEil1CtTtm7FkZV8LcHHCK3Or9GinUiFP5WY3k0djUkMvhBhx49Jb2iA==}

  ref-napi@3.0.3:
    resolution: {integrity: sha512-LiMq/XDGcgodTYOMppikEtJelWsKQERbLQsYm0IOOnzhwE9xYZC7x8txNnFC9wJNOkPferQI4vD4ZkC0mDyrOA==}
    engines: {node: '>= 10.0'}

  ref-struct-di@1.1.1:
    resolution: {integrity: sha512-2Xyn/0Qgz89VT+++WP0sTosdm9oeowLP23wRJYhG4BFdMUrLj3jhwHZNEytYNYgtPKLNTP3KJX4HEgBvM1/Y2g==}

  serialport@13.0.0:
    resolution: {integrity: sha512-PHpnTd8isMGPfFTZNCzOZp9m4mAJSNWle9Jxu6BPTcWq7YXl5qN7tp8Sgn0h+WIGcD6JFz5QDgixC2s4VW7vzg==}
    engines: {node: '>=20.0.0'}

  type@2.7.3:
    resolution: {integrity: sha512-8j+1QmAbPvLZow5Qpi6NCaN8FB60p/6x8/vfNqOk/hC+HuvFZhL4+WfekuhQLiqFZXOgQdrs3B+XxEmCc6b3FQ==}

snapshots:

  '@serialport/binding-mock@10.2.2':
    dependencies:
      '@serialport/bindings-interface': 1.2.2
      debug: 4.4.3
    transitivePeerDependencies:
      - supports-color

  '@serialport/bindings-cpp@13.0.0':
    dependencies:
      '@serialport/bindings-interface': 1.2.2
      '@serialport/parser-readline': 12.0.0
      debug: 4.4.0
      node-addon-api: 8.3.0
      node-gyp-build: 4.8.4
    transitivePeerDependencies:
      - supports-color

  '@serialport/bindings-interface@1.2.2': {}

  '@serialport/parser-byte-length@13.0.0': {}

  '@serialport/parser-cctalk@13.0.0': {}

  '@serialport/parser-delimiter@12.0.0': {}

  '@serialport/parser-delimiter@13.0.0': {}

  '@serialport/parser-inter-byte-timeout@13.0.0': {}

  '@serialport/parser-packet-length@13.0.0': {}

  '@serialport/parser-readline@12.0.0':
    dependencies:
      '@serialport/parser-delimiter': 12.0.0

  '@serialport/parser-readline@13.0.0':
    dependencies:
      '@serialport/parser-delimiter': 13.0.0

  '@serialport/parser-ready@13.0.0': {}

  '@serialport/parser-regex@13.0.0': {}

  '@serialport/parser-slip-encoder@13.0.0': {}

  '@serialport/parser-spacepacket@13.0.0': {}

  '@serialport/stream@13.0.0':
    dependencies:
      '@serialport/bindings-interface': 1.2.2
      debug: 4.4.0
    transitivePeerDependencies:
      - supports-color

  array-index@1.0.0:
    dependencies:
      debug: 2.6.9
      es6-symbol: 3.1.4
    transitivePeerDependencies:
      - supports-color

  d@1.0.2:
    dependencies:
      es5-ext: 0.10.64
      type: 2.7.3

  debug@2.6.9:
    dependencies:
      ms: 2.0.0

  debug@3.2.7:
    dependencies:
      ms: 2.1.3

  debug@4.4.0:
    dependencies:
      ms: 2.1.3

  debug@4.4.3:
    dependencies:
      ms: 2.1.3

  es5-ext@0.10.64:
    dependencies:
      es6-iterator: 2.0.3
      es6-symbol: 3.1.4
      esniff: 2.0.1
      next-tick: 1.1.0

  es6-iterator@2.0.3:
    dependencies:
      d: 1.0.2
      es5-ext: 0.10.64
      es6-symbol: 3.1.4

  es6-symbol@3.1.4:
    dependencies:
      d: 1.0.2
      ext: 1.7.0

  esniff@2.0.1:
    dependencies:
      d: 1.0.2
      es5-ext: 0.10.64
      event-emitter: 0.3.5
      type: 2.7.3

  event-emitter@0.3.5:
    dependencies:
      d: 1.0.2
      es5-ext: 0.10.64

  ext@1.7.0:
    dependencies:
      type: 2.7.3

  ffi-napi@4.0.3:
    dependencies:
      debug: 4.4.3
      get-uv-event-loop-napi-h: 1.0.6
      node-addon-api: 3.2.1
      node-gyp-build: 4.8.4
      ref-napi: 3.0.3
      ref-struct-di: 1.1.1
    transitivePeerDependencies:
      - supports-color

  get-symbol-from-current-process-h@1.0.2: {}

  get-uv-event-loop-napi-h@1.0.6:
    dependencies:
      get-symbol-from-current-process-h: 1.0.2

  ms@2.0.0: {}

  ms@2.1.3: {}

  next-tick@1.1.0: {}

  node-addon-api@3.2.1: {}

  node-addon-api@8.3.0: {}

  node-gyp-build@4.8.4: {}

  ref-array-di@1.2.2:
    dependencies:
      array-index: 1.0.0
      debug: 3.2.7
    transitivePeerDependencies:
      - supports-color

  ref-napi@3.0.3:
    dependencies:
      debug: 4.4.3
      get-symbol-from-current-process-h: 1.0.2
      node-addon-api: 3.2.1
      node-gyp-build: 4.8.4
    transitivePeerDependencies:
      - supports-color

  ref-struct-di@1.1.1:
    dependencies:
      debug: 3.2.7
    transitivePeerDependencies:
      - supports-color

  serialport@13.0.0:
    dependencies:
      '@serialport/binding-mock': 10.2.2
      '@serialport/bindings-cpp': 13.0.0
      '@serialport/parser-byte-length': 13.0.0
      '@serialport/parser-cctalk': 13.0.0
      '@serialport/parser-delimiter': 13.0.0
      '@serialport/parser-inter-byte-timeout': 13.0.0
      '@serialport/parser-packet-length': 13.0.0
      '@serialport/parser-readline': 13.0.0
      '@serialport/parser-ready': 13.0.0
      '@serialport/parser-regex': 13.0.0
      '@serialport/parser-slip-encoder': 13.0.0
      '@serialport/parser-spacepacket': 13.0.0
      '@serialport/stream': 13.0.0
      debug: 4.4.0
    transitivePeerDependencies:
      - supports-color

  type@2.7.3: {}
